// !$*UTF8*$!
{
	archiveVersion = 1;
	classes = {
	};
	objectVersion = 50;
	objects = {

/* Begin PBXBuildFile section */
		A6008E3420926A4A00C9A48E /* AppDelegate.swift in Sources */ = {isa = PBXBuildFile; fileRef = A6008E3320926A4A00C9A48E /* AppDelegate.swift */; };
		A6008E3620926A4A00C9A48E /* ViewController.swift in Sources */ = {isa = PBXBuildFile; fileRef = A6008E3520926A4A00C9A48E /* ViewController.swift */; };
		A6008E3920926A4A00C9A48E /* Main.storyboard in Resources */ = {isa = PBXBuildFile; fileRef = A6008E3720926A4A00C9A48E /* Main.storyboard */; };
		A6008E3C20926A4A00C9A48E /* NameList.xcdatamodeld in Sources */ = {isa = PBXBuildFile; fileRef = A6008E3A20926A4A00C9A48E /* NameList.xcdatamodeld */; };
		A6008E3E20926A4B00C9A48E /* Assets.xcassets in Resources */ = {isa = PBXBuildFile; fileRef = A6008E3D20926A4B00C9A48E /* Assets.xcassets */; };
		A6008E4120926A4B00C9A48E /* LaunchScreen.storyboard in Resources */ = {isa = PBXBuildFile; fileRef = A6008E3F20926A4B00C9A48E /* LaunchScreen.storyboard */; };
		A6008E4C20926A4B00C9A48E /* NameListTests.swift in Sources */ = {isa = PBXBuildFile; fileRef = A6008E4B20926A4B00C9A48E /* NameListTests.swift */; };
		A6008E5720926A4B00C9A48E /* NameListUITests.swift in Sources */ = {isa = PBXBuildFile; fileRef = A6008E5620926A4B00C9A48E /* NameListUITests.swift */; };
/* End PBXBuildFile section */

/* Begin PBXContainerItemProxy section */
		A6008E4820926A4B00C9A48E /* PBXContainerItemProxy */ = {
			isa = PBXContainerItemProxy;
			containerPortal = A6008E2820926A4A00C9A48E /* Project object */;
			proxyType = 1;
			remoteGlobalIDString = A6008E2F20926A4A00C9A48E;
			remoteInfo = NameList;
		};
		A6008E5320926A4B00C9A48E /* PBXContainerItemProxy */ = {
			isa = PBXContainerItemProxy;
			containerPortal = A6008E2820926A4A00C9A48E /* Project object */;
			proxyType = 1;
			remoteGlobalIDString = A6008E2F20926A4A00C9A48E;
			remoteInfo = NameList;
		};
/* End PBXContainerItemProxy section */

/* Begin PBXFileReference section */
		A6008E3020926A4A00C9A48E /* NameList.app */ = {isa = PBXFileReference; explicitFileType = wrapper.application; includeInIndex = 0; path = NameList.app; sourceTree = BUILT_PRODUCTS_DIR; };
		A6008E3320926A4A00C9A48E /* AppDelegate.swift */ = {isa = PBXFileReference; lastKnownFileType = sourcecode.swift; path = AppDelegate.swift; sourceTree = "<group>"; };
		A6008E3520926A4A00C9A48E /* ViewController.swift */ = {isa = PBXFileReference; lastKnownFileType = sourcecode.swift; path = ViewController.swift; sourceTree = "<group>"; };
		A6008E3820926A4A00C9A48E /* Base */ = {isa = PBXFileReference; lastKnownFileType = file.storyboard; name = Base; path = Base.lproj/Main.storyboard; sourceTree = "<group>"; };
		A6008E3B20926A4A00C9A48E /* NameList.xcdatamodel */ = {isa = PBXFileReference; lastKnownFileType = wrapper.xcdatamodel; path = NameList.xcdatamodel; sourceTree = "<group>"; };
		A6008E3D20926A4B00C9A48E /* Assets.xcassets */ = {isa = PBXFileReference; lastKnownFileType = folder.assetcatalog; path = Assets.xcassets; sourceTree = "<group>"; };
		A6008E4020926A4B00C9A48E /* Base */ = {isa = PBXFileReference; lastKnownFileType = file.storyboard; name = Base; path = Base.lproj/LaunchScreen.storyboard; sourceTree = "<group>"; };
		A6008E4220926A4B00C9A48E /* Info.plist */ = {isa = PBXFileReference; lastKnownFileType = text.plist.xml; path = Info.plist; sourceTree = "<group>"; };
		A6008E4720926A4B00C9A48E /* NameListTests.xctest */ = {isa = PBXFileReference; explicitFileType = wrapper.cfbundle; includeInIndex = 0; path = NameListTests.xctest; sourceTree = BUILT_PRODUCTS_DIR; };
		A6008E4B20926A4B00C9A48E /* NameListTests.swift */ = {isa = PBXFileReference; lastKnownFileType = sourcecode.swift; path = NameListTests.swift; sourceTree = "<group>"; };
		A6008E4D20926A4B00C9A48E /* Info.plist */ = {isa = PBXFileReference; lastKnownFileType = text.plist.xml; path = Info.plist; sourceTree = "<group>"; };
		A6008E5220926A4B00C9A48E /* NameListUITests.xctest */ = {isa = PBXFileReference; explicitFileType = wrapper.cfbundle; includeInIndex = 0; path = NameListUITests.xctest; sourceTree = BUILT_PRODUCTS_DIR; };
		A6008E5620926A4B00C9A48E /* NameListUITests.swift */ = {isa = PBXFileReference; lastKnownFileType = sourcecode.swift; path = NameListUITests.swift; sourceTree = "<group>"; };
		A6008E5820926A4B00C9A48E /* Info.plist */ = {isa = PBXFileReference; lastKnownFileType = text.plist.xml; path = Info.plist; sourceTree = "<group>"; };
/* End PBXFileReference section */

/* Begin PBXFrameworksBuildPhase section */
		A6008E2D20926A4A00C9A48E /* Frameworks */ = {
			isa = PBXFrameworksBuildPhase;
			buildActionMask = 2147483647;
			files = (
			);
			runOnlyForDeploymentPostprocessing = 0;
		};
		A6008E4420926A4B00C9A48E /* Frameworks */ = {
			isa = PBXFrameworksBuildPhase;
			buildActionMask = 2147483647;
			files = (
			);
			runOnlyForDeploymentPostprocessing = 0;
		};
		A6008E4F20926A4B00C9A48E /* Frameworks */ = {
			isa = PBXFrameworksBuildPhase;
			buildActionMask = 2147483647;
			files = (
			);
			runOnlyForDeploymentPostprocessing = 0;
		};
/* End PBXFrameworksBuildPhase section */

/* Begin PBXGroup section */
		A6008E2720926A4A00C9A48E = {
			isa = PBXGroup;
			children = (
				A6008E3220926A4A00C9A48E /* NameList */,
				A6008E4A20926A4B00C9A48E /* NameListTests */,
				A6008E5520926A4B00C9A48E /* NameListUITests */,
				A6008E3120926A4A00C9A48E /* Products */,
			);
			sourceTree = "<group>";
		};
		A6008E3120926A4A00C9A48E /* Products */ = {
			isa = PBXGroup;
			children = (
				A6008E3020926A4A00C9A48E /* NameList.app */,
				A6008E4720926A4B00C9A48E /* NameListTests.xctest */,
				A6008E5220926A4B00C9A48E /* NameListUITests.xctest */,
			);
			name = Products;
			sourceTree = "<group>";
		};
		A6008E3220926A4A00C9A48E /* NameList */ = {
			isa = PBXGroup;
			children = (
				A6008E3320926A4A00C9A48E /* AppDelegate.swift */,
				A6008E3520926A4A00C9A48E /* ViewController.swift */,
				A6008E3720926A4A00C9A48E /* Main.storyboard */,
				A6008E3D20926A4B00C9A48E /* Assets.xcassets */,
				A6008E3F20926A4B00C9A48E /* LaunchScreen.storyboard */,
				A6008E4220926A4B00C9A48E /* Info.plist */,
				A6008E3A20926A4A00C9A48E /* NameList.xcdatamodeld */,
			);
			path = NameList;
			sourceTree = "<group>";
		};
		A6008E4A20926A4B00C9A48E /* NameListTests */ = {
			isa = PBXGroup;
			children = (
				A6008E4B20926A4B00C9A48E /* NameListTests.swift */,
				A6008E4D20926A4B00C9A48E /* Info.plist */,
			);
			path = NameListTests;
			sourceTree = "<group>";
		};
		A6008E5520926A4B00C9A48E /* NameListUITests */ = {
			isa = PBXGroup;
			children = (
				A6008E5620926A4B00C9A48E /* NameListUITests.swift */,
				A6008E5820926A4B00C9A48E /* Info.plist */,
			);
			path = NameListUITests;
			sourceTree = "<group>";
		};
/* End PBXGroup section */

/* Begin PBXNativeTarget section */
		A6008E2F20926A4A00C9A48E /* NameList */ = {
			isa = PBXNativeTarget;
			buildConfigurationList = A6008E5B20926A4B00C9A48E /* Build configuration list for PBXNativeTarget "NameList" */;
			buildPhases = (
				A6008E2C20926A4A00C9A48E /* Sources */,
				A6008E2D20926A4A00C9A48E /* Frameworks */,
				A6008E2E20926A4A00C9A48E /* Resources */,
			);
			buildRules = (
			);
			dependencies = (
			);
			name = NameList;
			productName = NameList;
			productReference = A6008E3020926A4A00C9A48E /* NameList.app */;
			productType = "com.apple.product-type.application";
		};
		A6008E4620926A4B00C9A48E /* NameListTests */ = {
			isa = PBXNativeTarget;
			buildConfigurationList = A6008E5E20926A4B00C9A48E /* Build configuration list for PBXNativeTarget "NameListTests" */;
			buildPhases = (
				A6008E4320926A4B00C9A48E /* Sources */,
				A6008E4420926A4B00C9A48E /* Frameworks */,
				A6008E4520926A4B00C9A48E /* Resources */,
			);
			buildRules = (
			);
			dependencies = (
				A6008E4920926A4B00C9A48E /* PBXTargetDependency */,
			);
			name = NameListTests;
			productName = NameListTests;
			productReference = A6008E4720926A4B00C9A48E /* NameListTests.xctest */;
			productType = "com.apple.product-type.bundle.unit-test";
		};
		A6008E5120926A4B00C9A48E /* NameListUITests */ = {
			isa = PBXNativeTarget;
			buildConfigurationList = A6008E6120926A4B00C9A48E /* Build configuration list for PBXNativeTarget "NameListUITests" */;
			buildPhases = (
				A6008E4E20926A4B00C9A48E /* Sources */,
				A6008E4F20926A4B00C9A48E /* Frameworks */,
				A6008E5020926A4B00C9A48E /* Resources */,
			);
			buildRules = (
			);
			dependencies = (
				A6008E5420926A4B00C9A48E /* PBXTargetDependency */,
			);
			name = NameListUITests;
			productName = NameListUITests;
			productReference = A6008E5220926A4B00C9A48E /* NameListUITests.xctest */;
			productType = "com.apple.product-type.bundle.ui-testing";
		};
/* End PBXNativeTarget section */

/* Begin PBXProject section */
		A6008E2820926A4A00C9A48E /* Project object */ = {
			isa = PBXProject;
			attributes = {
				LastSwiftUpdateCheck = 0930;
				LastUpgradeCheck = 0930;
				ORGANIZATIONNAME = "Bryan Yu";
				TargetAttributes = {
					A6008E2F20926A4A00C9A48E = {
						CreatedOnToolsVersion = 9.3;
					};
					A6008E4620926A4B00C9A48E = {
						CreatedOnToolsVersion = 9.3;
						TestTargetID = A6008E2F20926A4A00C9A48E;
					};
					A6008E5120926A4B00C9A48E = {
						CreatedOnToolsVersion = 9.3;
						TestTargetID = A6008E2F20926A4A00C9A48E;
					};
				};
			};
			buildConfigurationList = A6008E2B20926A4A00C9A48E /* Build configuration list for PBXProject "NameList" */;
			compatibilityVersion = "Xcode 9.3";
			developmentRegion = en;
			hasScannedForEncodings = 0;
			knownRegions = (
				en,
				Base,
			);
			mainGroup = A6008E2720926A4A00C9A48E;
			productRefGroup = A6008E3120926A4A00C9A48E /* Products */;
			projectDirPath = "";
			projectRoot = "";
			targets = (
				A6008E2F20926A4A00C9A48E /* NameList */,
				A6008E4620926A4B00C9A48E /* NameListTests */,
				A6008E5120926A4B00C9A48E /* NameListUITests */,
			);
		};
/* End PBXProject section */

/* Begin PBXResourcesBuildPhase section */
		A6008E2E20926A4A00C9A48E /* Resources */ = {
			isa = PBXResourcesBuildPhase;
			buildActionMask = 2147483647;
			files = (
				A6008E4120926A4B00C9A48E /* LaunchScreen.storyboard in Resources */,
				A6008E3E20926A4B00C9A48E /* Assets.xcassets in Resources */,
				A6008E3920926A4A00C9A48E /* Main.storyboard in Resources */,
			);
			runOnlyForDeploymentPostprocessing = 0;
		};
		A6008E4520926A4B00C9A48E /* Resources */ = {
			isa = PBXResourcesBuildPhase;
			buildActionMask = 2147483647;
			files = (
			);
			runOnlyForDeploymentPostprocessing = 0;
		};
		A6008E5020926A4B00C9A48E /* Resources */ = {
			isa = PBXResourcesBuildPhase;
			buildActionMask = 2147483647;
			files = (
			);
			runOnlyForDeploymentPostprocessing = 0;
		};
/* End PBXResourcesBuildPhase section */

/* Begin PBXSourcesBuildPhase section */
		A6008E2C20926A4A00C9A48E /* Sources */ = {
			isa = PBXSourcesBuildPhase;
			buildActionMask = 2147483647;
			files = (
				A6008E3620926A4A00C9A48E /* ViewController.swift in Sources */,
				A6008E3420926A4A00C9A48E /* AppDelegate.swift in Sources */,
				A6008E3C20926A4A00C9A48E /* NameList.xcdatamodeld in Sources */,
			);
			runOnlyForDeploymentPostprocessing = 0;
		};
		A6008E4320926A4B00C9A48E /* Sources */ = {
			isa = PBXSourcesBuildPhase;
			buildActionMask = 2147483647;
			files = (
				A6008E4C20926A4B00C9A48E /* NameListTests.swift in Sources */,
			);
			runOnlyForDeploymentPostprocessing = 0;
		};
		A6008E4E20926A4B00C9A48E /* Sources */ = {
			isa = PBXSourcesBuildPhase;
			buildActionMask = 2147483647;
			files = (
				A6008E5720926A4B00C9A48E /* NameListUITests.swift in Sources */,
			);
			runOnlyForDeploymentPostprocessing = 0;
		};
/* End PBXSourcesBuildPhase section */

/* Begin PBXTargetDependency section */
		A6008E4920926A4B00C9A48E /* PBXTargetDependency */ = {
			isa = PBXTargetDependency;
			target = A6008E2F20926A4A00C9A48E /* NameList */;
			targetProxy = A6008E4820926A4B00C9A48E /* PBXContainerItemProxy */;
		};
		A6008E5420926A4B00C9A48E /* PBXTargetDependency */ = {
			isa = PBXTargetDependency;
			target = A6008E2F20926A4A00C9A48E /* NameList */;
			targetProxy = A6008E5320926A4B00C9A48E /* PBXContainerItemProxy */;
		};
/* End PBXTargetDependency section */

/* Begin PBXVariantGroup section */
		A6008E3720926A4A00C9A48E /* Main.storyboard */ = {
			isa = PBXVariantGroup;
			children = (
				A6008E3820926A4A00C9A48E /* Base */,
			);
			name = Main.storyboard;
			sourceTree = "<group>";
		};
		A6008E3F20926A4B00C9A48E /* LaunchScreen.storyboard */ = {
			isa = PBXVariantGroup;
			children = (
				A6008E4020926A4B00C9A48E /* Base */,
			);
			name = LaunchScreen.storyboard;
			sourceTree = "<group>";
		};
/* End PBXVariantGroup section */

/* Begin XCBuildConfiguration section */
		A6008E5920926A4B00C9A48E /* Debug */ = {
			isa = XCBuildConfiguration;
			buildSettings = {
				ALWAYS_SEARCH_USER_PATHS = NO;
				CLANG_ANALYZER_NONNULL = YES;
				CLANG_ANALYZER_NUMBER_OBJECT_CONVERSION = YES_AGGRESSIVE;
				CLANG_CXX_LANGUAGE_STANDARD = "gnu++14";
				CLANG_CXX_LIBRARY = "libc++";
				CLANG_ENABLE_MODULES = YES;
				CLANG_ENABLE_OBJC_ARC = YES;
				CLANG_ENABLE_OBJC_WEAK = YES;
				CLANG_WARN_BLOCK_CAPTURE_AUTORELEASING = YES;
				CLANG_WARN_BOOL_CONVERSION = YES;
				CLANG_WARN_COMMA = YES;
				CLANG_WARN_CONSTANT_CONVERSION = YES;
				CLANG_WARN_DEPRECATED_OBJC_IMPLEMENTATIONS = YES;
				CLANG_WARN_DIRECT_OBJC_ISA_USAGE = YES_ERROR;
				CLANG_WARN_DOCUMENTATION_COMMENTS = YES;
				CLANG_WARN_EMPTY_BODY = YES;
				CLANG_WARN_ENUM_CONVERSION = YES;
				CLANG_WARN_INFINITE_RECURSION = YES;
				CLANG_WARN_INT_CONVERSION = YES;
				CLANG_WARN_NON_LITERAL_NULL_CONVERSION = YES;
				CLANG_WARN_OBJC_IMPLICIT_RETAIN_SELF = YES;
				CLANG_WARN_OBJC_LITERAL_CONVERSION = YES;
				CLANG_WARN_OBJC_ROOT_CLASS = YES_ERROR;
				CLANG_WARN_RANGE_LOOP_ANALYSIS = YES;
				CLANG_WARN_STRICT_PROTOTYPES = YES;
				CLANG_WARN_SUSPICIOUS_MOVE = YES;
				CLANG_WARN_UNGUARDED_AVAILABILITY = YES_AGGRESSIVE;
				CLANG_WARN_UNREACHABLE_CODE = YES;
				CLANG_WARN__DUPLICATE_METHOD_MATCH = YES;
				CODE_SIGN_IDENTITY = "iPhone Developer";
				COPY_PHASE_STRIP = NO;
				DEBUG_INFORMATION_FORMAT = dwarf;
				ENABLE_STRICT_OBJC_MSGSEND = YES;
				ENABLE_TESTABILITY = YES;
				GCC_C_LANGUAGE_STANDARD = gnu11;
				GCC_DYNAMIC_NO_PIC = NO;
				GCC_NO_COMMON_BLOCKS = YES;
				GCC_OPTIMIZATION_LEVEL = 0;
				GCC_PREPROCESSOR_DEFINITIONS = (
					"DEBUG=1",
					"$(inherited)",
				);
				GCC_WARN_64_TO_32_BIT_CONVERSION = YES;
				GCC_WARN_ABOUT_RETURN_TYPE = YES_ERROR;
				GCC_WARN_UNDECLARED_SELECTOR = YES;
				GCC_WARN_UNINITIALIZED_AUTOS = YES_AGGRESSIVE;
				GCC_WARN_UNUSED_FUNCTION = YES;
				GCC_WARN_UNUSED_VARIABLE = YES;
				IPHONEOS_DEPLOYMENT_TARGET = 11.3;
				MTL_ENABLE_DEBUG_INFO = YES;
				ONLY_ACTIVE_ARCH = YES;
				SDKROOT = iphoneos;
				SWIFT_ACTIVE_COMPILATION_CONDITIONS = DEBUG;
				SWIFT_OPTIMIZATION_LEVEL = "-Onone";
			};
			name = Debug;
		};
		A6008E5A20926A4B00C9A48E /* Release */ = {
			isa = XCBuildConfiguration;
			buildSettings = {
				ALWAYS_SEARCH_USER_PATHS = NO;
				CLANG_ANALYZER_NONNULL = YES;
				CLANG_ANALYZER_NUMBER_OBJECT_CONVERSION = YES_AGGRESSIVE;
				CLANG_CXX_LANGUAGE_STANDARD = "gnu++14";
				CLANG_CXX_LIBRARY = "libc++";
				CLANG_ENABLE_MODULES = YES;
				CLANG_ENABLE_OBJC_ARC = YES;
				CLANG_ENABLE_OBJC_WEAK = YES;
				CLANG_WARN_BLOCK_CAPTURE_AUTORELEASING = YES;
				CLANG_WARN_BOOL_CONVERSION = YES;
				CLANG_WARN_COMMA = YES;
				CLANG_WARN_CONSTANT_CONVERSION = YES;
				CLANG_WARN_DEPRECATED_OBJC_IMPLEMENTATIONS = YES;
				CLANG_WARN_DIRECT_OBJC_ISA_USAGE = YES_ERROR;
				CLANG_WARN_DOCUMENTATION_COMMENTS = YES;
				CLANG_WARN_EMPTY_BODY = YES;
				CLANG_WARN_ENUM_CONVERSION = YES;
				CLANG_WARN_INFINITE_RECURSION = YES;
				CLANG_WARN_INT_CONVERSION = YES;
				CLANG_WARN_NON_LITERAL_NULL_CONVERSION = YES;
				CLANG_WARN_OBJC_IMPLICIT_RETAIN_SELF = YES;
				CLANG_WARN_OBJC_LITERAL_CONVERSION = YES;
				CLANG_WARN_OBJC_ROOT_CLASS = YES_ERROR;
				CLANG_WARN_RANGE_LOOP_ANALYSIS = YES;
				CLANG_WARN_STRICT_PROTOTYPES = YES;
				CLANG_WARN_SUSPICIOUS_MOVE = YES;
				CLANG_WARN_UNGUARDED_AVAILABILITY = YES_AGGRESSIVE;
				CLANG_WARN_UNREACHABLE_CODE = YES;
				CLANG_WARN__DUPLICATE_METHOD_MATCH = YES;
				CODE_SIGN_IDENTITY = "iPhone Developer";
				COPY_PHASE_STRIP = NO;
				DEBUG_INFORMATION_FORMAT = "dwarf-with-dsym";
				ENABLE_NS_ASSERTIONS = NO;
				ENABLE_STRICT_OBJC_MSGSEND = YES;
				GCC_C_LANGUAGE_STANDARD = gnu11;
				GCC_NO_COMMON_BLOCKS = YES;
				GCC_WARN_64_TO_32_BIT_CONVERSION = YES;
				GCC_WARN_ABOUT_RETURN_TYPE = YES_ERROR;
				GCC_WARN_UNDECLARED_SELECTOR = YES;
				GCC_WARN_UNINITIALIZED_AUTOS = YES_AGGRESSIVE;
				GCC_WARN_UNUSED_FUNCTION = YES;
				GCC_WARN_UNUSED_VARIABLE = YES;
				IPHONEOS_DEPLOYMENT_TARGET = 11.3;
				MTL_ENABLE_DEBUG_INFO = NO;
				SDKROOT = iphoneos;
				SWIFT_COMPILATION_MODE = wholemodule;
				SWIFT_OPTIMIZATION_LEVEL = "-O";
				VALIDATE_PRODUCT = YES;
			};
			name = Release;
		};
		A6008E5C20926A4B00C9A48E /* Debug */ = {
			isa = XCBuildConfiguration;
			buildSettings = {
				ASSETCATALOG_COMPILER_APPICON_NAME = AppIcon;
				CODE_SIGN_STYLE = Automatic;
				INFOPLIST_FILE = NameList/Info.plist;
				LD_RUNPATH_SEARCH_PATHS = (
					"$(inherited)",
					"@executable_path/Frameworks",
				);
				PRODUCT_BUNDLE_IDENTIFIER = byu26.NameList;
				PRODUCT_NAME = "$(TARGET_NAME)";
				SWIFT_VERSION = 4.0;
				TARGETED_DEVICE_FAMILY = "1,2";
			};
			name = Debug;
		};
		A6008E5D20926A4B00C9A48E /* Release */ = {
			isa = XCBuildConfiguration;
			buildSettings = {
				ASSETCATALOG_COMPILER_APPICON_NAME = AppIcon;
				CODE_SIGN_STYLE = Automatic;
				INFOPLIST_FILE = NameList/Info.plist;
				LD_RUNPATH_SEARCH_PATHS = (
					"$(inherited)",
					"@executable_path/Frameworks",
				);
				PRODUCT_BUNDLE_IDENTIFIER = byu26.NameList;
				PRODUCT_NAME = "$(TARGET_NAME)";
				SWIFT_VERSION = 4.0;
				TARGETED_DEVICE_FAMILY = "1,2";
			};
			name = Release;
		};
		A6008E5F20926A4B00C9A48E /* Debug */ = {
			isa = XCBuildConfiguration;
			buildSettings = {
				ALWAYS_EMBED_SWIFT_STANDARD_LIBRARIES = YES;
				BUNDLE_LOADER = "$(TEST_HOST)";
				CODE_SIGN_STYLE = Automatic;
				INFOPLIST_FILE = NameListTests/Info.plist;
				LD_RUNPATH_SEARCH_PATHS = (
					"$(inherited)",
					"@executable_path/Frameworks",
					"@loader_path/Frameworks",
				);
				PRODUCT_BUNDLE_IDENTIFIER = byu26.NameListTests;
				PRODUCT_NAME = "$(TARGET_NAME)";
				SWIFT_VERSION = 4.0;
				TARGETED_DEVICE_FAMILY = "1,2";
				TEST_HOST = "$(BUILT_PRODUCTS_DIR)/NameList.app/NameList";
			};
			name = Debug;
		};
		A6008E6020926A4B00C9A48E /* Release */ = {
			isa = XCBuildConfiguration;
			buildSettings = {
				ALWAYS_EMBED_SWIFT_STANDARD_LIBRARIES = YES;
				BUNDLE_LOADER = "$(TEST_HOST)";
				CODE_SIGN_STYLE = Automatic;
				INFOPLIST_FILE = NameListTests/Info.plist;
				LD_RUNPATH_SEARCH_PATHS = (
					"$(inherited)",
					"@executable_path/Frameworks",
					"@loader_path/Frameworks",
				);
				PRODUCT_BUNDLE_IDENTIFIER = byu26.NameListTests;
				PRODUCT_NAME = "$(TARGET_NAME)";
				SWIFT_VERSION = 4.0;
				TARGETED_DEVICE_FAMILY = "1,2";
				TEST_HOST = "$(BUILT_PRODUCTS_DIR)/NameList.app/NameList";
			};
			name = Release;
		};
		A6008E6220926A4B00C9A48E /* Debug */ = {
			isa = XCBuildConfiguration;
			buildSettings = {
				ALWAYS_EMBED_SWIFT_STANDARD_LIBRARIES = YES;
				CODE_SIGN_STYLE = Automatic;
				INFOPLIST_FILE = NameListUITests/Info.plist;
				LD_RUNPATH_SEARCH_PATHS = (
					"$(inherited)",
					"@executable_path/Frameworks",
					"@loader_path/Frameworks",
				);
				PRODUCT_BUNDLE_IDENTIFIER = byu26.NameListUITests;
				PRODUCT_NAME = "$(TARGET_NAME)";
				SWIFT_VERSION = 4.0;
				TARGETED_DEVICE_FAMILY = "1,2";
				TEST_TARGET_NAME = NameList;
			};
			name = Debug;
		};
		A6008E6320926A4B00C9A48E /* Release */ = {
			isa = XCBuildConfiguration;
			buildSettings = {
				ALWAYS_EMBED_SWIFT_STANDARD_LIBRARIES = YES;
				CODE_SIGN_STYLE = Automatic;
				INFOPLIST_FILE = NameListUITests/Info.plist;
				LD_RUNPATH_SEARCH_PATHS = (
					"$(inherited)",
					"@executable_path/Frameworks",
					"@loader_path/Frameworks",
				);
				PRODUCT_BUNDLE_IDENTIFIER = byu26.NameListUITests;
				PRODUCT_NAME = "$(TARGET_NAME)";
				SWIFT_VERSION = 4.0;
				TARGETED_DEVICE_FAMILY = "1,2";
				TEST_TARGET_NAME = NameList;
			};
			name = Release;
		};
/* End XCBuildConfiguration section */

/* Begin XCConfigurationList section */
		A6008E2B20926A4A00C9A48E /* Build configuration list for PBXProject "NameList" */ = {
			isa = XCConfigurationList;
			buildConfigurations = (
				A6008E5920926A4B00C9A48E /* Debug */,
				A6008E5A20926A4B00C9A48E /* Release */,
			);
			defaultConfigurationIsVisible = 0;
			defaultConfigurationName = Release;
		};
		A6008E5B20926A4B00C9A48E /* Build configuration list for PBXNativeTarget "NameList" */ = {
			isa = XCConfigurationList;
			buildConfigurations = (
				A6008E5C20926A4B00C9A48E /* Debug */,
				A6008E5D20926A4B00C9A48E /* Release */,
			);
			defaultConfigurationIsVisible = 0;
			defaultConfigurationName = Release;
		};
		A6008E5E20926A4B00C9A48E /* Build configuration list for PBXNativeTarget "NameListTests" */ = {
			isa = XCConfigurationList;
			buildConfigurations = (
				A6008E5F20926A4B00C9A48E /* Debug */,
				A6008E6020926A4B00C9A48E /* Release */,
			);
			defaultConfigurationIsVisible = 0;
			defaultConfigurationName = Release;
		};
		A6008E6120926A4B00C9A48E /* Build configuration list for PBXNativeTarget "NameListUITests" */ = {
			isa = XCConfigurationList;
			buildConfigurations = (
				A6008E6220926A4B00C9A48E /* Debug */,
				A6008E6320926A4B00C9A48E /* Release */,
			);
			defaultConfigurationIsVisible = 0;
			defaultConfigurationName = Release;
		};
/* End XCConfigurationList section */

/* Begin XCVersionGroup section */
		A6008E3A20926A4A00C9A48E /* NameList.xcdatamodeld */ = {
			isa = XCVersionGroup;
			children = (
				A6008E3B20926A4A00C9A48E /* NameList.xcdatamodel */,
			);
			currentVersion = A6008E3B20926A4A00C9A48E /* NameList.xcdatamodel */;
			path = NameList.xcdatamodeld;
			sourceTree = "<group>";
			versionGroupType = wrapper.xcdatamodel;
		};
/* End XCVersionGroup section */
	};
	rootObject = A6008E2820926A4A00C9A48E /* Project object */;
}
